
Microsoft Visual Studio Solution File, Format Version 12.00
# Visual Studio Version 17
VisualStudioVersion = 17.11.35222.181
MinimumVisualStudioVersion = 10.0.40219.1
Project("{9A19103F-16F7-4668-BE54-9A1E7A4F7556}") = "HHTestTask2.API", "HHTestTask2\HHTestTask2.API.csproj", "{B825074C-FCAE-4EC5-A9C0-6CC2B8AD0663}"
EndProject
Project("{9A19103F-16F7-4668-BE54-9A1E7A4F7556}") = "HHTestTask2.Domain", "HHTestTask2.Domain\HHTestTask2.Domain.csproj", "{AE42CF37-5F0A-4BBF-B42B-5A6A4E836554}"
EndProject
Project("{9A19103F-16F7-4668-BE54-9A1E7A4F7556}") = "HHTestTask2.Infrastructure", "HHTestTask2.Infrastructure\HHTestTask2.Infrastructure.csproj", "{98969ACD-1685-4CC1-877C-7DD7365F46D0}"
EndProject
Project("{E53339B2-1760-4266-BCC7-CA923CBCF16C}") = "docker-compose", "docker-compose.dcproj", "{B733D51E-AC76-4B36-B07C-3EFB8CD1ADDD}"
EndProject
Project("{9A19103F-16F7-4668-BE54-9A1E7A4F7556}") = "HHTestTask2.Application", "HHTestTask2.Application\HHTestTask2.Application.csproj", "{8567AD50-0F4A-44E7-ACD8-3FA4453A0D83}"
EndProject
Global
	GlobalSection(SolutionConfigurationPlatforms) = preSolution
		Debug|Any CPU = Debug|Any CPU
		Release|Any CPU = Release|Any CPU
	EndGlobalSection
	GlobalSection(ProjectConfigurationPlatforms) = postSolution
		{B825074C-FCAE-4EC5-A9C0-6CC2B8AD0663}.Debug|Any CPU.ActiveCfg = Debug|Any CPU
		{B825074C-FCAE-4EC5-A9C0-6CC2B8AD0663}.Debug|Any CPU.Build.0 = Debug|Any CPU
		{B825074C-FCAE-4EC5-A9C0-6CC2B8AD0663}.Release|Any CPU.ActiveCfg = Release|Any CPU
		{B825074C-FCAE-4EC5-A9C0-6CC2B8AD0663}.Release|Any CPU.Build.0 = Release|Any CPU
		{AE42CF37-5F0A-4BBF-B42B-5A6A4E836554}.Debug|Any CPU.ActiveCfg = Debug|Any CPU
		{AE42CF37-5F0A-4BBF-B42B-5A6A4E836554}.Debug|Any CPU.Build.0 = Debug|Any CPU
		{AE42CF37-5F0A-4BBF-B42B-5A6A4E836554}.Release|Any CPU.ActiveCfg = Release|Any CPU
		{AE42CF37-5F0A-4BBF-B42B-5A6A4E836554}.Release|Any CPU.Build.0 = Release|Any CPU
		{98969ACD-1685-4CC1-877C-7DD7365F46D0}.Debug|Any CPU.ActiveCfg = Debug|Any CPU
		{98969ACD-1685-4CC1-877C-7DD7365F46D0}.Debug|Any CPU.Build.0 = Debug|Any CPU
		{98969ACD-1685-4CC1-877C-7DD7365F46D0}.Release|Any CPU.ActiveCfg = Release|Any CPU
		{98969ACD-1685-4CC1-877C-7DD7365F46D0}.Release|Any CPU.Build.0 = Release|Any CPU
		{B733D51E-AC76-4B36-B07C-3EFB8CD1ADDD}.Debug|Any CPU.ActiveCfg = Debug|Any CPU
		{B733D51E-AC76-4B36-B07C-3EFB8CD1ADDD}.Debug|Any CPU.Build.0 = Debug|Any CPU
		{B733D51E-AC76-4B36-B07C-3EFB8CD1ADDD}.Release|Any CPU.ActiveCfg = Release|Any CPU
		{B733D51E-AC76-4B36-B07C-3EFB8CD1ADDD}.Release|Any CPU.Build.0 = Release|Any CPU
		{8567AD50-0F4A-44E7-ACD8-3FA4453A0D83}.Debug|Any CPU.ActiveCfg = Debug|Any CPU
		{8567AD50-0F4A-44E7-ACD8-3FA4453A0D83}.Debug|Any CPU.Build.0 = Debug|Any CPU
		{8567AD50-0F4A-44E7-ACD8-3FA4453A0D83}.Release|Any CPU.ActiveCfg = Release|Any CPU
		{8567AD50-0F4A-44E7-ACD8-3FA4453A0D83}.Release|Any CPU.Build.0 = Release|Any CPU
	EndGlobalSection
	GlobalSection(SolutionProperties) = preSolution
		HideSolutionNode = FALSE
	EndGlobalSection
	GlobalSection(ExtensibilityGlobals) = postSolution
		SolutionGuid = {A05579D5-75C9-4FB3-B226-7AC8F42E760E}
	EndGlobalSection
EndGlobal
